
Microsoft Visual Studio Solution File, Format Version 12.00
# Visual Studio Version 17
VisualStudioVersion = 17.1.32328.378
MinimumVisualStudioVersion = 10.0.40219.1
Project("{FAE04EC0-301F-11D3-BF4B-00C04F79EFBC}") = "Basics", "Basics\Basics.csproj", "{B9835D7E-0D49-49BF-A88B-09C75DF980F2}"
EndProject
Global
	GlobalSection(SolutionConfigurationPlatforms) = preSolution
		Debug|Any CPU = Debug|Any CPU
		Release|Any CPU = Release|Any CPU
	EndGlobalSection
	GlobalSection(ProjectConfigurationPlatforms) = postSolution
		{B9835D7E-0D49-49BF-A88B-09C75DF980F2}.Debug|Any CPU.ActiveCfg = Debug|Any CPU
		{B9835D7E-0D49-49BF-A88B-09C75DF980F2}.Debug|Any CPU.Build.0 = Debug|Any CPU
		{B9835D7E-0D49-49BF-A88B-09C75DF980F2}.Release|Any CPU.ActiveCfg = Release|Any CPU
		{B9835D7E-0D49-49BF-A88B-09C75DF980F2}.Release|Any CPU.Build.0 = Release|Any CPU
	EndGlobalSection
	GlobalSection(SolutionProperties) = preSolution
		HideSolutionNode = FALSE
	EndGlobalSection
	GlobalSection(ExtensibilityGlobals) = postSolution
		SolutionGuid = {0B705B5A-8EAA-4267-9CA3-10669CDA0128}
	EndGlobalSection
EndGlobal
